// !$*UTF8*$!
{
	archiveVersion = 1;
	classes = {
	};
	objectVersion = 56;
	objects = {

/* Begin PBXBuildFile section */
		941EDD2E2BFE17ED00CA3549 /* RealmSwift in Frameworks */ = {isa = PBXBuildFile; productRef = 941EDD2D2BFE17ED00CA3549 /* RealmSwift */; };
		941EDD2F2BFE17F600CA3549 /* RealmSwift in Embed Frameworks */ = {isa = PBXBuildFile; productRef = 941EDD2D2BFE17ED00CA3549 /* RealmSwift */; settings = {ATTRIBUTES = (CodeSignOnCopy, ); }; };
		941EDD322BFE1D9B00CA3549 /* Realm.swift in Sources */ = {isa = PBXBuildFile; fileRef = 941EDD312BFE1D9B00CA3549 /* Realm.swift */; };
		941EDD342BFE516F00CA3549 /* DebugManager.swift in Sources */ = {isa = PBXBuildFile; fileRef = 941EDD332BFE516E00CA3549 /* DebugManager.swift */; };
		941EDD362C043CC000CA3549 /* Notification.swift in Sources */ = {isa = PBXBuildFile; fileRef = 941EDD352C043CC000CA3549 /* Notification.swift */; };
		941EDD702C045EEE00CA3549 /* SwiftUI.framework in Frameworks */ = {isa = PBXBuildFile; fileRef = 941EDD3E2C045C2000CA3549 /* SwiftUI.framework */; };
		941EDD732C045EEE00CA3549 /* DayOfChoiceWidgetBundle.swift in Sources */ = {isa = PBXBuildFile; fileRef = 941EDD722C045EEE00CA3549 /* DayOfChoiceWidgetBundle.swift */; };
		941EDD752C045EEE00CA3549 /* DayOfChoiceWidgetLiveActivity.swift in Sources */ = {isa = PBXBuildFile; fileRef = 941EDD742C045EEE00CA3549 /* DayOfChoiceWidgetLiveActivity.swift */; };
		941EDD772C045EEE00CA3549 /* DayOfChoiceWidget.swift in Sources */ = {isa = PBXBuildFile; fileRef = 941EDD762C045EEE00CA3549 /* DayOfChoiceWidget.swift */; };
		941EDD792C045EEF00CA3549 /* Assets.xcassets in Resources */ = {isa = PBXBuildFile; fileRef = 941EDD782C045EEF00CA3549 /* Assets.xcassets */; };
		941EDD7E2C045EEF00CA3549 /* DayOfChoiceWidgetExtension.appex in Embed Foundation Extensions */ = {isa = PBXBuildFile; fileRef = 941EDD6E2C045EEE00CA3549 /* DayOfChoiceWidgetExtension.appex */; settings = {ATTRIBUTES = (RemoveHeadersOnCopy, ); }; };
		941EDD872C05B35600CA3549 /* UserFirebase.swift in Sources */ = {isa = PBXBuildFile; fileRef = 94A1BD732BF4B56000C7528D /* UserFirebase.swift */; };
		941EDD882C05B35600CA3549 /* Material.swift in Sources */ = {isa = PBXBuildFile; fileRef = 94A1BD882BFA4CA800C7528D /* Material.swift */; };
		941EDD892C05B35600CA3549 /* ResultViewController.swift in Sources */ = {isa = PBXBuildFile; fileRef = 94A1BD842BFA31C500C7528D /* ResultViewController.swift */; };
		941EDD8A2C05B35600CA3549 /* DebugManager.swift in Sources */ = {isa = PBXBuildFile; fileRef = 941EDD332BFE516E00CA3549 /* DebugManager.swift */; };
		941EDD8B2C05B35600CA3549 /* Article.swift in Sources */ = {isa = PBXBuildFile; fileRef = 94A1BD792BF4B75E00C7528D /* Article.swift */; };
		941EDD8E2C05B35600CA3549 /* Realm.swift in Sources */ = {isa = PBXBuildFile; fileRef = 941EDD312BFE1D9B00CA3549 /* Realm.swift */; };
		941EDD8F2C05B35600CA3549 /* QuestionFirebase.swift in Sources */ = {isa = PBXBuildFile; fileRef = 94A1BD752BF4B56B00C7528D /* QuestionFirebase.swift */; };
		941EDD902C05B35600CA3549 /* Utility.swift in Sources */ = {isa = PBXBuildFile; fileRef = 94A1BD822BF9E70B00C7528D /* Utility.swift */; };
		941EDD912C05B35600CA3549 /* Manager.swift in Sources */ = {isa = PBXBuildFile; fileRef = 94A1BD7B2BF4BB6500C7528D /* Manager.swift */; };
		941EDD932C05B35600CA3549 /* NaturalLabel.swift in Sources */ = {isa = PBXBuildFile; fileRef = 94A1BD8C2BFCE08B00C7528D /* NaturalLabel.swift */; };
		941EDD942C05B35600CA3549 /* LogViewController.swift in Sources */ = {isa = PBXBuildFile; fileRef = 94A1BD8A2BFCD65F00C7528D /* LogViewController.swift */; };
		941EDD952C05B35600CA3549 /* Notification.swift in Sources */ = {isa = PBXBuildFile; fileRef = 941EDD352C043CC000CA3549 /* Notification.swift */; };
		941EDD992C05BFCE00CA3549 /* FirebaseFirestore in Frameworks */ = {isa = PBXBuildFile; productRef = 941EDD982C05BFCE00CA3549 /* FirebaseFirestore */; };
		941EDD9B2C05C02100CA3549 /* FirebaseAuth in Frameworks */ = {isa = PBXBuildFile; productRef = 941EDD9A2C05C02100CA3549 /* FirebaseAuth */; };
		941EDD9D2C05C05100CA3549 /* RealmSwift in Frameworks */ = {isa = PBXBuildFile; productRef = 941EDD9C2C05C05100CA3549 /* RealmSwift */; };
		941EDD9E2C05C05100CA3549 /* RealmSwift in Embed Frameworks */ = {isa = PBXBuildFile; productRef = 941EDD9C2C05C05100CA3549 /* RealmSwift */; settings = {ATTRIBUTES = (CodeSignOnCopy, ); }; };
		941EDDA02C05C42500CA3549 /* WidgetKit.framework in Frameworks */ = {isa = PBXBuildFile; fileRef = 941EDD3C2C045C1F00CA3549 /* WidgetKit.framework */; };
		941EDDA12C05C43900CA3549 /* WidgetKit.framework in Frameworks */ = {isa = PBXBuildFile; fileRef = 941EDD3C2C045C1F00CA3549 /* WidgetKit.framework */; };
		941EDDA32C05C88500CA3549 /* GoogleService-Info.plist in Resources */ = {isa = PBXBuildFile; fileRef = 94A1BD682BF4AE5400C7528D /* GoogleService-Info.plist */; };
		941EDDA92C0C4F1100CA3549 /* HomeViewController.swift in Sources */ = {isa = PBXBuildFile; fileRef = 941EDDA82C0C4F1100CA3549 /* HomeViewController.swift */; };
		941EDDAB2C0C4F1F00CA3549 /* AddFriendViewController.swift in Sources */ = {isa = PBXBuildFile; fileRef = 941EDDAA2C0C4F1F00CA3549 /* AddFriendViewController.swift */; };
		941EDDAD2C0C50B600CA3549 /* FriendFirebase.swift in Sources */ = {isa = PBXBuildFile; fileRef = 941EDDAC2C0C50B600CA3549 /* FriendFirebase.swift */; };
		94A1BD552BF4ACED00C7528D /* AppDelegate.swift in Sources */ = {isa = PBXBuildFile; fileRef = 94A1BD542BF4ACED00C7528D /* AppDelegate.swift */; };
		94A1BD572BF4ACED00C7528D /* SceneDelegate.swift in Sources */ = {isa = PBXBuildFile; fileRef = 94A1BD562BF4ACED00C7528D /* SceneDelegate.swift */; };
		94A1BD5C2BF4ACED00C7528D /* Base in Resources */ = {isa = PBXBuildFile; fileRef = 94A1BD5B2BF4ACED00C7528D /* Base */; };
		94A1BD5E2BF4ACEE00C7528D /* Assets.xcassets in Resources */ = {isa = PBXBuildFile; fileRef = 94A1BD5D2BF4ACEE00C7528D /* Assets.xcassets */; };
		94A1BD612BF4ACEE00C7528D /* Base in Resources */ = {isa = PBXBuildFile; fileRef = 94A1BD602BF4ACEE00C7528D /* Base */; };
		94A1BD692BF4AE5400C7528D /* GoogleService-Info.plist in Resources */ = {isa = PBXBuildFile; fileRef = 94A1BD682BF4AE5400C7528D /* GoogleService-Info.plist */; };
		94A1BD6C2BF4AEC600C7528D /* FirebaseFirestore in Frameworks */ = {isa = PBXBuildFile; productRef = 94A1BD6B2BF4AEC600C7528D /* FirebaseFirestore */; };
		94A1BD6E2BF4AEC600C7528D /* FirebaseFirestoreSwift in Frameworks */ = {isa = PBXBuildFile; productRef = 94A1BD6D2BF4AEC600C7528D /* FirebaseFirestoreSwift */; };
		94A1BD742BF4B56000C7528D /* UserFirebase.swift in Sources */ = {isa = PBXBuildFile; fileRef = 94A1BD732BF4B56000C7528D /* UserFirebase.swift */; };
		94A1BD762BF4B56B00C7528D /* QuestionFirebase.swift in Sources */ = {isa = PBXBuildFile; fileRef = 94A1BD752BF4B56B00C7528D /* QuestionFirebase.swift */; };
		94A1BD7A2BF4B75E00C7528D /* Article.swift in Sources */ = {isa = PBXBuildFile; fileRef = 94A1BD792BF4B75E00C7528D /* Article.swift */; };
		94A1BD7C2BF4BB6500C7528D /* Manager.swift in Sources */ = {isa = PBXBuildFile; fileRef = 94A1BD7B2BF4BB6500C7528D /* Manager.swift */; };
		94A1BD7F2BF9A8E700C7528D /* FirebaseAuth in Frameworks */ = {isa = PBXBuildFile; productRef = 94A1BD7E2BF9A8E700C7528D /* FirebaseAuth */; };
		94A1BD812BF9E21A00C7528D /* QuestionViewController.swift in Sources */ = {isa = PBXBuildFile; fileRef = 94A1BD802BF9E21A00C7528D /* QuestionViewController.swift */; };
		94A1BD832BF9E70B00C7528D /* Utility.swift in Sources */ = {isa = PBXBuildFile; fileRef = 94A1BD822BF9E70B00C7528D /* Utility.swift */; };
		94A1BD852BFA31C500C7528D /* ResultViewController.swift in Sources */ = {isa = PBXBuildFile; fileRef = 94A1BD842BFA31C500C7528D /* ResultViewController.swift */; };
		94A1BD892BFA4CA800C7528D /* Material.swift in Sources */ = {isa = PBXBuildFile; fileRef = 94A1BD882BFA4CA800C7528D /* Material.swift */; };
		94A1BD8B2BFCD65F00C7528D /* LogViewController.swift in Sources */ = {isa = PBXBuildFile; fileRef = 94A1BD8A2BFCD65F00C7528D /* LogViewController.swift */; };
		94A1BD8D2BFCE08B00C7528D /* NaturalLabel.swift in Sources */ = {isa = PBXBuildFile; fileRef = 94A1BD8C2BFCE08B00C7528D /* NaturalLabel.swift */; };
		94D0F79C2C105E230093BD82 /* FriendViewController.swift in Sources */ = {isa = PBXBuildFile; fileRef = 94D0F79B2C105E230093BD82 /* FriendViewController.swift */; };
		94D0F79F2C12C31F0093BD82 /* CustomCell.xib in Resources */ = {isa = PBXBuildFile; fileRef = 94D0F79E2C12C31F0093BD82 /* CustomCell.xib */; };
		94D0F7A02C12C31F0093BD82 /* CustomCell.swift in Sources */ = {isa = PBXBuildFile; fileRef = 94D0F79D2C12C31F0093BD82 /* CustomCell.swift */; };
		94D0F7A22C14B88D0093BD82 /* FirstTutorialViewController.swift in Sources */ = {isa = PBXBuildFile; fileRef = 94D0F7A12C14B88D0093BD82 /* FirstTutorialViewController.swift */; };
		94D0F7A42C14B89D0093BD82 /* SecondTutorialViewController.swift in Sources */ = {isa = PBXBuildFile; fileRef = 94D0F7A32C14B89D0093BD82 /* SecondTutorialViewController.swift */; };
		94D0F7A62C14B8AF0093BD82 /* ThirdTutorialViewController.swift in Sources */ = {isa = PBXBuildFile; fileRef = 94D0F7A52C14B8AF0093BD82 /* ThirdTutorialViewController.swift */; };
		94D0F7A82C14B8CC0093BD82 /* TutorialPageViewController.swift in Sources */ = {isa = PBXBuildFile; fileRef = 94D0F7A72C14B8CC0093BD82 /* TutorialPageViewController.swift */; };
/* End PBXBuildFile section */

/* Begin PBXContainerItemProxy section */
		941EDD7B2C045EEF00CA3549 /* PBXContainerItemProxy */ = {
			isa = PBXContainerItemProxy;
			containerPortal = 94A1BD492BF4ACED00C7528D /* Project object */;
			proxyType = 1;
			remoteGlobalIDString = 941EDD6D2C045EEE00CA3549;
			remoteInfo = DayOfChoiceWidgetExtension;
		};
/* End PBXContainerItemProxy section */

/* Begin PBXCopyFilesBuildPhase section */
		941EDD302BFE17F600CA3549 /* Embed Frameworks */ = {
			isa = PBXCopyFilesBuildPhase;
			buildActionMask = 2147483647;
			dstPath = "";
			dstSubfolderSpec = 10;
			files = (
				941EDD2F2BFE17F600CA3549 /* RealmSwift in Embed Frameworks */,
			);
			name = "Embed Frameworks";
			runOnlyForDeploymentPostprocessing = 0;
		};
		941EDD7D2C045EEF00CA3549 /* Embed Foundation Extensions */ = {
			isa = PBXCopyFilesBuildPhase;
			buildActionMask = 2147483647;
			dstPath = "";
			dstSubfolderSpec = 13;
			files = (
				941EDD7E2C045EEF00CA3549 /* DayOfChoiceWidgetExtension.appex in Embed Foundation Extensions */,
			);
			name = "Embed Foundation Extensions";
			runOnlyForDeploymentPostprocessing = 0;
		};
		941EDD9F2C05C05100CA3549 /* Embed Frameworks */ = {
			isa = PBXCopyFilesBuildPhase;
			buildActionMask = 2147483647;
			dstPath = "";
			dstSubfolderSpec = 10;
			files = (
				941EDD9E2C05C05100CA3549 /* RealmSwift in Embed Frameworks */,
			);
			name = "Embed Frameworks";
			runOnlyForDeploymentPostprocessing = 0;
		};
/* End PBXCopyFilesBuildPhase section */

/* Begin PBXFileReference section */
		941EDD312BFE1D9B00CA3549 /* Realm.swift */ = {isa = PBXFileReference; lastKnownFileType = sourcecode.swift; path = Realm.swift; sourceTree = "<group>"; };
		941EDD332BFE516E00CA3549 /* DebugManager.swift */ = {isa = PBXFileReference; lastKnownFileType = sourcecode.swift; path = DebugManager.swift; sourceTree = "<group>"; };
		941EDD352C043CC000CA3549 /* Notification.swift */ = {isa = PBXFileReference; lastKnownFileType = sourcecode.swift; path = Notification.swift; sourceTree = "<group>"; };
		941EDD3C2C045C1F00CA3549 /* WidgetKit.framework */ = {isa = PBXFileReference; lastKnownFileType = wrapper.framework; name = WidgetKit.framework; path = System/Library/Frameworks/WidgetKit.framework; sourceTree = SDKROOT; };
		941EDD3E2C045C2000CA3549 /* SwiftUI.framework */ = {isa = PBXFileReference; lastKnownFileType = wrapper.framework; name = SwiftUI.framework; path = System/Library/Frameworks/SwiftUI.framework; sourceTree = SDKROOT; };
		941EDD6E2C045EEE00CA3549 /* DayOfChoiceWidgetExtension.appex */ = {isa = PBXFileReference; explicitFileType = "wrapper.app-extension"; includeInIndex = 0; path = DayOfChoiceWidgetExtension.appex; sourceTree = BUILT_PRODUCTS_DIR; };
		941EDD722C045EEE00CA3549 /* DayOfChoiceWidgetBundle.swift */ = {isa = PBXFileReference; lastKnownFileType = sourcecode.swift; path = DayOfChoiceWidgetBundle.swift; sourceTree = "<group>"; };
		941EDD742C045EEE00CA3549 /* DayOfChoiceWidgetLiveActivity.swift */ = {isa = PBXFileReference; lastKnownFileType = sourcecode.swift; path = DayOfChoiceWidgetLiveActivity.swift; sourceTree = "<group>"; };
		941EDD762C045EEE00CA3549 /* DayOfChoiceWidget.swift */ = {isa = PBXFileReference; lastKnownFileType = sourcecode.swift; path = DayOfChoiceWidget.swift; sourceTree = "<group>"; };
		941EDD782C045EEF00CA3549 /* Assets.xcassets */ = {isa = PBXFileReference; lastKnownFileType = folder.assetcatalog; path = Assets.xcassets; sourceTree = "<group>"; };
		941EDD7A2C045EEF00CA3549 /* Info.plist */ = {isa = PBXFileReference; lastKnownFileType = text.plist.xml; path = Info.plist; sourceTree = "<group>"; };
		941EDD842C05B1E500CA3549 /* DayOfChoiceWidgetExtension.entitlements */ = {isa = PBXFileReference; lastKnownFileType = text.plist.entitlements; path = DayOfChoiceWidgetExtension.entitlements; sourceTree = "<group>"; };
		941EDD852C05B23700CA3549 /* DayOfChoice.entitlements */ = {isa = PBXFileReference; lastKnownFileType = text.plist.entitlements; path = DayOfChoice.entitlements; sourceTree = "<group>"; };
		941EDDA82C0C4F1100CA3549 /* HomeViewController.swift */ = {isa = PBXFileReference; lastKnownFileType = sourcecode.swift; path = HomeViewController.swift; sourceTree = "<group>"; };
		941EDDAA2C0C4F1F00CA3549 /* AddFriendViewController.swift */ = {isa = PBXFileReference; lastKnownFileType = sourcecode.swift; path = AddFriendViewController.swift; sourceTree = "<group>"; };
		941EDDAC2C0C50B600CA3549 /* FriendFirebase.swift */ = {isa = PBXFileReference; lastKnownFileType = sourcecode.swift; path = FriendFirebase.swift; sourceTree = "<group>"; };
		94A1BD512BF4ACED00C7528D /* DayOfChoice.app */ = {isa = PBXFileReference; explicitFileType = wrapper.application; includeInIndex = 0; path = DayOfChoice.app; sourceTree = BUILT_PRODUCTS_DIR; };
		94A1BD542BF4ACED00C7528D /* AppDelegate.swift */ = {isa = PBXFileReference; lastKnownFileType = sourcecode.swift; path = AppDelegate.swift; sourceTree = "<group>"; };
		94A1BD562BF4ACED00C7528D /* SceneDelegate.swift */ = {isa = PBXFileReference; lastKnownFileType = sourcecode.swift; path = SceneDelegate.swift; sourceTree = "<group>"; };
		94A1BD5B2BF4ACED00C7528D /* Base */ = {isa = PBXFileReference; lastKnownFileType = file.storyboard; name = Base; path = Base.lproj/Main.storyboard; sourceTree = "<group>"; };
		94A1BD5D2BF4ACEE00C7528D /* Assets.xcassets */ = {isa = PBXFileReference; lastKnownFileType = folder.assetcatalog; path = Assets.xcassets; sourceTree = "<group>"; };
		94A1BD602BF4ACEE00C7528D /* Base */ = {isa = PBXFileReference; lastKnownFileType = file.storyboard; name = Base; path = Base.lproj/LaunchScreen.storyboard; sourceTree = "<group>"; };
		94A1BD622BF4ACEE00C7528D /* Info.plist */ = {isa = PBXFileReference; lastKnownFileType = text.plist.xml; path = Info.plist; sourceTree = "<group>"; };
		94A1BD682BF4AE5400C7528D /* GoogleService-Info.plist */ = {isa = PBXFileReference; fileEncoding = 4; lastKnownFileType = text.plist.xml; path = "GoogleService-Info.plist"; sourceTree = "<group>"; };
		94A1BD732BF4B56000C7528D /* UserFirebase.swift */ = {isa = PBXFileReference; lastKnownFileType = sourcecode.swift; path = UserFirebase.swift; sourceTree = "<group>"; };
		94A1BD752BF4B56B00C7528D /* QuestionFirebase.swift */ = {isa = PBXFileReference; lastKnownFileType = sourcecode.swift; path = QuestionFirebase.swift; sourceTree = "<group>"; };
		94A1BD792BF4B75E00C7528D /* Article.swift */ = {isa = PBXFileReference; lastKnownFileType = sourcecode.swift; path = Article.swift; sourceTree = "<group>"; };
		94A1BD7B2BF4BB6500C7528D /* Manager.swift */ = {isa = PBXFileReference; lastKnownFileType = sourcecode.swift; path = Manager.swift; sourceTree = "<group>"; };
		94A1BD802BF9E21A00C7528D /* QuestionViewController.swift */ = {isa = PBXFileReference; lastKnownFileType = sourcecode.swift; path = QuestionViewController.swift; sourceTree = "<group>"; };
		94A1BD822BF9E70B00C7528D /* Utility.swift */ = {isa = PBXFileReference; lastKnownFileType = sourcecode.swift; path = Utility.swift; sourceTree = "<group>"; };
		94A1BD842BFA31C500C7528D /* ResultViewController.swift */ = {isa = PBXFileReference; lastKnownFileType = sourcecode.swift; path = ResultViewController.swift; sourceTree = "<group>"; };
		94A1BD882BFA4CA800C7528D /* Material.swift */ = {isa = PBXFileReference; lastKnownFileType = sourcecode.swift; path = Material.swift; sourceTree = "<group>"; };
		94A1BD8A2BFCD65F00C7528D /* LogViewController.swift */ = {isa = PBXFileReference; lastKnownFileType = sourcecode.swift; path = LogViewController.swift; sourceTree = "<group>"; };
		94A1BD8C2BFCE08B00C7528D /* NaturalLabel.swift */ = {isa = PBXFileReference; lastKnownFileType = sourcecode.swift; path = NaturalLabel.swift; sourceTree = "<group>"; };
		94D0F79B2C105E230093BD82 /* FriendViewController.swift */ = {isa = PBXFileReference; lastKnownFileType = sourcecode.swift; path = FriendViewController.swift; sourceTree = "<group>"; };
		94D0F79D2C12C31F0093BD82 /* CustomCell.swift */ = {isa = PBXFileReference; lastKnownFileType = sourcecode.swift; path = CustomCell.swift; sourceTree = "<group>"; };
		94D0F79E2C12C31F0093BD82 /* CustomCell.xib */ = {isa = PBXFileReference; lastKnownFileType = file.xib; path = CustomCell.xib; sourceTree = "<group>"; };
		94D0F7A12C14B88D0093BD82 /* FirstTutorialViewController.swift */ = {isa = PBXFileReference; lastKnownFileType = sourcecode.swift; path = FirstTutorialViewController.swift; sourceTree = "<group>"; };
		94D0F7A32C14B89D0093BD82 /* SecondTutorialViewController.swift */ = {isa = PBXFileReference; lastKnownFileType = sourcecode.swift; path = SecondTutorialViewController.swift; sourceTree = "<group>"; };
		94D0F7A52C14B8AF0093BD82 /* ThirdTutorialViewController.swift */ = {isa = PBXFileReference; lastKnownFileType = sourcecode.swift; path = ThirdTutorialViewController.swift; sourceTree = "<group>"; };
		94D0F7A72C14B8CC0093BD82 /* TutorialPageViewController.swift */ = {isa = PBXFileReference; lastKnownFileType = sourcecode.swift; path = TutorialPageViewController.swift; sourceTree = "<group>"; };
/* End PBXFileReference section */

/* Begin PBXFrameworksBuildPhase section */
		941EDD6B2C045EEE00CA3549 /* Frameworks */ = {
			isa = PBXFrameworksBuildPhase;
			buildActionMask = 2147483647;
			files = (
				941EDD702C045EEE00CA3549 /* SwiftUI.framework in Frameworks */,
				941EDD992C05BFCE00CA3549 /* FirebaseFirestore in Frameworks */,
				941EDDA12C05C43900CA3549 /* WidgetKit.framework in Frameworks */,
				941EDD9D2C05C05100CA3549 /* RealmSwift in Frameworks */,
				941EDD9B2C05C02100CA3549 /* FirebaseAuth in Frameworks */,
			);
			runOnlyForDeploymentPostprocessing = 0;
		};
		94A1BD4E2BF4ACED00C7528D /* Frameworks */ = {
			isa = PBXFrameworksBuildPhase;
			buildActionMask = 2147483647;
			files = (
				941EDD2E2BFE17ED00CA3549 /* RealmSwift in Frameworks */,
				94A1BD6C2BF4AEC600C7528D /* FirebaseFirestore in Frameworks */,
				941EDDA02C05C42500CA3549 /* WidgetKit.framework in Frameworks */,
				94A1BD7F2BF9A8E700C7528D /* FirebaseAuth in Frameworks */,
				94A1BD6E2BF4AEC600C7528D /* FirebaseFirestoreSwift in Frameworks */,
			);
			runOnlyForDeploymentPostprocessing = 0;
		};
/* End PBXFrameworksBuildPhase section */

/* Begin PBXGroup section */
		941EDD712C045EEE00CA3549 /* DayOfChoiceWidget */ = {
			isa = PBXGroup;
			children = (
				941EDD722C045EEE00CA3549 /* DayOfChoiceWidgetBundle.swift */,
				941EDD742C045EEE00CA3549 /* DayOfChoiceWidgetLiveActivity.swift */,
				941EDD762C045EEE00CA3549 /* DayOfChoiceWidget.swift */,
				941EDD782C045EEF00CA3549 /* Assets.xcassets */,
				941EDD7A2C045EEF00CA3549 /* Info.plist */,
			);
			path = DayOfChoiceWidget;
			sourceTree = "<group>";
		};
		94A1BD482BF4ACED00C7528D = {
			isa = PBXGroup;
			children = (
				941EDD842C05B1E500CA3549 /* DayOfChoiceWidgetExtension.entitlements */,
				94A1BD532BF4ACED00C7528D /* DayOfChoice */,
				941EDD712C045EEE00CA3549 /* DayOfChoiceWidget */,
				94A1BD522BF4ACED00C7528D /* Products */,
				94A1BD7D2BF9A8E700C7528D /* Frameworks */,
			);
			sourceTree = "<group>";
		};
		94A1BD522BF4ACED00C7528D /* Products */ = {
			isa = PBXGroup;
			children = (
				94A1BD512BF4ACED00C7528D /* DayOfChoice.app */,
				941EDD6E2C045EEE00CA3549 /* DayOfChoiceWidgetExtension.appex */,
			);
			name = Products;
			sourceTree = "<group>";
		};
		94A1BD532BF4ACED00C7528D /* DayOfChoice */ = {
			isa = PBXGroup;
			children = (
				941EDD852C05B23700CA3549 /* DayOfChoice.entitlements */,
				94A1BD542BF4ACED00C7528D /* AppDelegate.swift */,
				94A1BD562BF4ACED00C7528D /* SceneDelegate.swift */,
				94A1BD6F2BF4AF9600C7528D /* View */,
				94A1BD702BF4AF9F00C7528D /* Controller */,
				94A1BD712BF4AFB200C7528D /* Model */,
				94A1BD5D2BF4ACEE00C7528D /* Assets.xcassets */,
				94A1BD5F2BF4ACEE00C7528D /* LaunchScreen.storyboard */,
				94A1BD622BF4ACEE00C7528D /* Info.plist */,
				94A1BD682BF4AE5400C7528D /* GoogleService-Info.plist */,
			);
			path = DayOfChoice;
			sourceTree = "<group>";
		};
		94A1BD6F2BF4AF9600C7528D /* View */ = {
			isa = PBXGroup;
			children = (
				94A1BD5A2BF4ACED00C7528D /* Main.storyboard */,
				94A1BD8C2BFCE08B00C7528D /* NaturalLabel.swift */,
				94D0F79D2C12C31F0093BD82 /* CustomCell.swift */,
				94D0F79E2C12C31F0093BD82 /* CustomCell.xib */,
			);
			path = View;
			sourceTree = "<group>";
		};
		94A1BD702BF4AF9F00C7528D /* Controller */ = {
			isa = PBXGroup;
			children = (
				94A1BD802BF9E21A00C7528D /* QuestionViewController.swift */,
				941EDDA82C0C4F1100CA3549 /* HomeViewController.swift */,
				94A1BD842BFA31C500C7528D /* ResultViewController.swift */,
				94A1BD8A2BFCD65F00C7528D /* LogViewController.swift */,
				941EDDAA2C0C4F1F00CA3549 /* AddFriendViewController.swift */,
				94D0F79B2C105E230093BD82 /* FriendViewController.swift */,
				94D0F7A72C14B8CC0093BD82 /* TutorialPageViewController.swift */,
				94D0F7A12C14B88D0093BD82 /* FirstTutorialViewController.swift */,
				94D0F7A32C14B89D0093BD82 /* SecondTutorialViewController.swift */,
				94D0F7A52C14B8AF0093BD82 /* ThirdTutorialViewController.swift */,
			);
			path = Controller;
			sourceTree = "<group>";
		};
		94A1BD712BF4AFB200C7528D /* Model */ = {
			isa = PBXGroup;
			children = (
				94A1BD722BF4AFC500C7528D /* Firebase */,
				94A1BD792BF4B75E00C7528D /* Article.swift */,
				941EDD312BFE1D9B00CA3549 /* Realm.swift */,
				94A1BD822BF9E70B00C7528D /* Utility.swift */,
				94A1BD7B2BF4BB6500C7528D /* Manager.swift */,
				94A1BD882BFA4CA800C7528D /* Material.swift */,
				941EDD352C043CC000CA3549 /* Notification.swift */,
				941EDD332BFE516E00CA3549 /* DebugManager.swift */,
			);
			path = Model;
			sourceTree = "<group>";
		};
		94A1BD722BF4AFC500C7528D /* Firebase */ = {
			isa = PBXGroup;
			children = (
				94A1BD732BF4B56000C7528D /* UserFirebase.swift */,
				94A1BD752BF4B56B00C7528D /* QuestionFirebase.swift */,
				941EDDAC2C0C50B600CA3549 /* FriendFirebase.swift */,
			);
			path = Firebase;
			sourceTree = "<group>";
		};
		94A1BD7D2BF9A8E700C7528D /* Frameworks */ = {
			isa = PBXGroup;
			children = (
				941EDD3C2C045C1F00CA3549 /* WidgetKit.framework */,
				941EDD3E2C045C2000CA3549 /* SwiftUI.framework */,
			);
			name = Frameworks;
			sourceTree = "<group>";
		};
/* End PBXGroup section */

/* Begin PBXNativeTarget section */
		941EDD6D2C045EEE00CA3549 /* DayOfChoiceWidgetExtension */ = {
			isa = PBXNativeTarget;
			buildConfigurationList = 941EDD7F2C045EEF00CA3549 /* Build configuration list for PBXNativeTarget "DayOfChoiceWidgetExtension" */;
			buildPhases = (
				941EDD6A2C045EEE00CA3549 /* Sources */,
				941EDD6B2C045EEE00CA3549 /* Frameworks */,
				941EDD6C2C045EEE00CA3549 /* Resources */,
				941EDD9F2C05C05100CA3549 /* Embed Frameworks */,
			);
			buildRules = (
			);
			dependencies = (
			);
			name = DayOfChoiceWidgetExtension;
			packageProductDependencies = (
				941EDD982C05BFCE00CA3549 /* FirebaseFirestore */,
				941EDD9A2C05C02100CA3549 /* FirebaseAuth */,
				941EDD9C2C05C05100CA3549 /* RealmSwift */,
			);
			productName = DayOfChoiceWidgetExtension;
			productReference = 941EDD6E2C045EEE00CA3549 /* DayOfChoiceWidgetExtension.appex */;
			productType = "com.apple.product-type.app-extension";
		};
		94A1BD502BF4ACED00C7528D /* DayOfChoice */ = {
			isa = PBXNativeTarget;
			buildConfigurationList = 94A1BD652BF4ACEE00C7528D /* Build configuration list for PBXNativeTarget "DayOfChoice" */;
			buildPhases = (
				94A1BD4D2BF4ACED00C7528D /* Sources */,
				94A1BD4E2BF4ACED00C7528D /* Frameworks */,
				94A1BD4F2BF4ACED00C7528D /* Resources */,
				941EDD302BFE17F600CA3549 /* Embed Frameworks */,
				941EDD7D2C045EEF00CA3549 /* Embed Foundation Extensions */,
			);
			buildRules = (
			);
			dependencies = (
				941EDD7C2C045EEF00CA3549 /* PBXTargetDependency */,
			);
			name = DayOfChoice;
			packageProductDependencies = (
				94A1BD6B2BF4AEC600C7528D /* FirebaseFirestore */,
				94A1BD6D2BF4AEC600C7528D /* FirebaseFirestoreSwift */,
				94A1BD7E2BF9A8E700C7528D /* FirebaseAuth */,
				941EDD2D2BFE17ED00CA3549 /* RealmSwift */,
			);
			productName = DayOfChoice;
			productReference = 94A1BD512BF4ACED00C7528D /* DayOfChoice.app */;
			productType = "com.apple.product-type.application";
		};
/* End PBXNativeTarget section */

/* Begin PBXProject section */
		94A1BD492BF4ACED00C7528D /* Project object */ = {
			isa = PBXProject;
			attributes = {
				BuildIndependentTargetsInParallel = 1;
				LastSwiftUpdateCheck = 1530;
				LastUpgradeCheck = 1530;
				TargetAttributes = {
					941EDD6D2C045EEE00CA3549 = {
						CreatedOnToolsVersion = 15.3;
					};
					94A1BD502BF4ACED00C7528D = {
						CreatedOnToolsVersion = 15.3;
					};
				};
			};
			buildConfigurationList = 94A1BD4C2BF4ACED00C7528D /* Build configuration list for PBXProject "DayOfChoice" */;
			compatibilityVersion = "Xcode 14.0";
			developmentRegion = en;
			hasScannedForEncodings = 0;
			knownRegions = (
				en,
				Base,
			);
			mainGroup = 94A1BD482BF4ACED00C7528D;
			packageReferences = (
				94A1BD6A2BF4AEC600C7528D /* XCRemoteSwiftPackageReference "firebase-ios-sdk" */,
				941EDD2C2BFE17ED00CA3549 /* XCRemoteSwiftPackageReference "realm-swift" */,
			);
			productRefGroup = 94A1BD522BF4ACED00C7528D /* Products */;
			projectDirPath = "";
			projectRoot = "";
			targets = (
				94A1BD502BF4ACED00C7528D /* DayOfChoice */,
				941EDD6D2C045EEE00CA3549 /* DayOfChoiceWidgetExtension */,
			);
		};
/* End PBXProject section */

/* Begin PBXResourcesBuildPhase section */
		941EDD6C2C045EEE00CA3549 /* Resources */ = {
			isa = PBXResourcesBuildPhase;
			buildActionMask = 2147483647;
			files = (
				941EDD792C045EEF00CA3549 /* Assets.xcassets in Resources */,
				941EDDA32C05C88500CA3549 /* GoogleService-Info.plist in Resources */,
			);
			runOnlyForDeploymentPostprocessing = 0;
		};
		94A1BD4F2BF4ACED00C7528D /* Resources */ = {
			isa = PBXResourcesBuildPhase;
			buildActionMask = 2147483647;
			files = (
				94D0F79F2C12C31F0093BD82 /* CustomCell.xib in Resources */,
				94A1BD5E2BF4ACEE00C7528D /* Assets.xcassets in Resources */,
				94A1BD692BF4AE5400C7528D /* GoogleService-Info.plist in Resources */,
				94A1BD612BF4ACEE00C7528D /* Base in Resources */,
				94A1BD5C2BF4ACED00C7528D /* Base in Resources */,
			);
			runOnlyForDeploymentPostprocessing = 0;
		};
/* End PBXResourcesBuildPhase section */

/* Begin PBXSourcesBuildPhase section */
		941EDD6A2C045EEE00CA3549 /* Sources */ = {
			isa = PBXSourcesBuildPhase;
			buildActionMask = 2147483647;
			files = (
				941EDD732C045EEE00CA3549 /* DayOfChoiceWidgetBundle.swift in Sources */,
				941EDD872C05B35600CA3549 /* UserFirebase.swift in Sources */,
				941EDD882C05B35600CA3549 /* Material.swift in Sources */,
				941EDD892C05B35600CA3549 /* ResultViewController.swift in Sources */,
				941EDD8A2C05B35600CA3549 /* DebugManager.swift in Sources */,
				941EDD8B2C05B35600CA3549 /* Article.swift in Sources */,
				941EDD8E2C05B35600CA3549 /* Realm.swift in Sources */,
				941EDD8F2C05B35600CA3549 /* QuestionFirebase.swift in Sources */,
				941EDD902C05B35600CA3549 /* Utility.swift in Sources */,
				941EDD912C05B35600CA3549 /* Manager.swift in Sources */,
				941EDD932C05B35600CA3549 /* NaturalLabel.swift in Sources */,
				941EDD942C05B35600CA3549 /* LogViewController.swift in Sources */,
				941EDD952C05B35600CA3549 /* Notification.swift in Sources */,
				941EDD772C045EEE00CA3549 /* DayOfChoiceWidget.swift in Sources */,
				941EDD752C045EEE00CA3549 /* DayOfChoiceWidgetLiveActivity.swift in Sources */,
			);
			runOnlyForDeploymentPostprocessing = 0;
		};
		94A1BD4D2BF4ACED00C7528D /* Sources */ = {
			isa = PBXSourcesBuildPhase;
			buildActionMask = 2147483647;
			files = (
				94A1BD7A2BF4B75E00C7528D /* Article.swift in Sources */,
				94A1BD762BF4B56B00C7528D /* QuestionFirebase.swift in Sources */,
				94D0F7A02C12C31F0093BD82 /* CustomCell.swift in Sources */,
				94A1BD832BF9E70B00C7528D /* Utility.swift in Sources */,
				94A1BD8B2BFCD65F00C7528D /* LogViewController.swift in Sources */,
				94D0F79C2C105E230093BD82 /* FriendViewController.swift in Sources */,
				94A1BD892BFA4CA800C7528D /* Material.swift in Sources */,
				941EDDA92C0C4F1100CA3549 /* HomeViewController.swift in Sources */,
				94D0F7A42C14B89D0093BD82 /* SecondTutorialViewController.swift in Sources */,
				941EDD322BFE1D9B00CA3549 /* Realm.swift in Sources */,
				94A1BD8D2BFCE08B00C7528D /* NaturalLabel.swift in Sources */,
				941EDDAB2C0C4F1F00CA3549 /* AddFriendViewController.swift in Sources */,
				94D0F7A62C14B8AF0093BD82 /* ThirdTutorialViewController.swift in Sources */,
				94D0F7A22C14B88D0093BD82 /* FirstTutorialViewController.swift in Sources */,
				94D0F7A82C14B8CC0093BD82 /* TutorialPageViewController.swift in Sources */,
				94A1BD742BF4B56000C7528D /* UserFirebase.swift in Sources */,
				94A1BD7C2BF4BB6500C7528D /* Manager.swift in Sources */,
				94A1BD852BFA31C500C7528D /* ResultViewController.swift in Sources */,
				94A1BD552BF4ACED00C7528D /* AppDelegate.swift in Sources */,
				94A1BD572BF4ACED00C7528D /* SceneDelegate.swift in Sources */,
				941EDDAD2C0C50B600CA3549 /* FriendFirebase.swift in Sources */,
				94A1BD812BF9E21A00C7528D /* QuestionViewController.swift in Sources */,
				941EDD342BFE516F00CA3549 /* DebugManager.swift in Sources */,
				941EDD362C043CC000CA3549 /* Notification.swift in Sources */,
			);
			runOnlyForDeploymentPostprocessing = 0;
		};
/* End PBXSourcesBuildPhase section */

/* Begin PBXTargetDependency section */
		941EDD7C2C045EEF00CA3549 /* PBXTargetDependency */ = {
			isa = PBXTargetDependency;
			target = 941EDD6D2C045EEE00CA3549 /* DayOfChoiceWidgetExtension */;
			targetProxy = 941EDD7B2C045EEF00CA3549 /* PBXContainerItemProxy */;
		};
/* End PBXTargetDependency section */

/* Begin PBXVariantGroup section */
		94A1BD5A2BF4ACED00C7528D /* Main.storyboard */ = {
			isa = PBXVariantGroup;
			children = (
				94A1BD5B2BF4ACED00C7528D /* Base */,
			);
			name = Main.storyboard;
			sourceTree = "<group>";
		};
		94A1BD5F2BF4ACEE00C7528D /* LaunchScreen.storyboard */ = {
			isa = PBXVariantGroup;
			children = (
				94A1BD602BF4ACEE00C7528D /* Base */,
			);
			name = LaunchScreen.storyboard;
			sourceTree = "<group>";
		};
/* End PBXVariantGroup section */

/* Begin XCBuildConfiguration section */
		941EDD802C045EEF00CA3549 /* Debug */ = {
			isa = XCBuildConfiguration;
			buildSettings = {
				ASSETCATALOG_COMPILER_GLOBAL_ACCENT_COLOR_NAME = AccentColor;
				ASSETCATALOG_COMPILER_WIDGET_BACKGROUND_COLOR_NAME = WidgetBackground;
				CODE_SIGN_ENTITLEMENTS = DayOfChoiceWidgetExtension.entitlements;
				CODE_SIGN_STYLE = Automatic;
				CURRENT_PROJECT_VERSION = 1;
				DEVELOPMENT_TEAM = 2KUQ5AS45S;
				GENERATE_INFOPLIST_FILE = YES;
				INFOPLIST_FILE = DayOfChoiceWidget/Info.plist;
				INFOPLIST_KEY_CFBundleDisplayName = DayOfChoiceWidget;
				INFOPLIST_KEY_NSHumanReadableCopyright = "";
				LD_RUNPATH_SEARCH_PATHS = (
					"$(inherited)",
					"@executable_path/Frameworks",
					"@executable_path/../../Frameworks",
				);
				MARKETING_VERSION = 1.0;
				PRODUCT_BUNDLE_IDENTIFIER = com.ito.taiga.DayOfChoice.DayOfChoiceWidget;
				PRODUCT_NAME = "$(TARGET_NAME)";
				SKIP_INSTALL = YES;
				SWIFT_EMIT_LOC_STRINGS = YES;
				SWIFT_VERSION = 5.0;
				TARGETED_DEVICE_FAMILY = "1,2";
			};
			name = Debug;
		};
		941EDD812C045EEF00CA3549 /* Release */ = {
			isa = XCBuildConfiguration;
			buildSettings = {
				ASSETCATALOG_COMPILER_GLOBAL_ACCENT_COLOR_NAME = AccentColor;
				ASSETCATALOG_COMPILER_WIDGET_BACKGROUND_COLOR_NAME = WidgetBackground;
				CODE_SIGN_ENTITLEMENTS = DayOfChoiceWidgetExtension.entitlements;
				CODE_SIGN_STYLE = Automatic;
				CURRENT_PROJECT_VERSION = 1;
				DEVELOPMENT_TEAM = 2KUQ5AS45S;
				GENERATE_INFOPLIST_FILE = YES;
				INFOPLIST_FILE = DayOfChoiceWidget/Info.plist;
				INFOPLIST_KEY_CFBundleDisplayName = DayOfChoiceWidget;
				INFOPLIST_KEY_NSHumanReadableCopyright = "";
				LD_RUNPATH_SEARCH_PATHS = (
					"$(inherited)",
					"@executable_path/Frameworks",
					"@executable_path/../../Frameworks",
				);
				MARKETING_VERSION = 1.0;
				PRODUCT_BUNDLE_IDENTIFIER = com.ito.taiga.DayOfChoice.DayOfChoiceWidget;
				PRODUCT_NAME = "$(TARGET_NAME)";
				SKIP_INSTALL = YES;
				SWIFT_EMIT_LOC_STRINGS = YES;
				SWIFT_VERSION = 5.0;
				TARGETED_DEVICE_FAMILY = "1,2";
			};
			name = Release;
		};
		94A1BD632BF4ACEE00C7528D /* Debug */ = {
			isa = XCBuildConfiguration;
			buildSettings = {
				ALWAYS_SEARCH_USER_PATHS = NO;
				ASSETCATALOG_COMPILER_GENERATE_SWIFT_ASSET_SYMBOL_EXTENSIONS = YES;
				CLANG_ANALYZER_NONNULL = YES;
				CLANG_ANALYZER_NUMBER_OBJECT_CONVERSION = YES_AGGRESSIVE;
				CLANG_CXX_LANGUAGE_STANDARD = "gnu++20";
				CLANG_ENABLE_MODULES = YES;
				CLANG_ENABLE_OBJC_ARC = YES;
				CLANG_ENABLE_OBJC_WEAK = YES;
				CLANG_WARN_BLOCK_CAPTURE_AUTORELEASING = YES;
				CLANG_WARN_BOOL_CONVERSION = YES;
				CLANG_WARN_COMMA = YES;
				CLANG_WARN_CONSTANT_CONVERSION = YES;
				CLANG_WARN_DEPRECATED_OBJC_IMPLEMENTATIONS = YES;
				CLANG_WARN_DIRECT_OBJC_ISA_USAGE = YES_ERROR;
				CLANG_WARN_DOCUMENTATION_COMMENTS = YES;
				CLANG_WARN_EMPTY_BODY = YES;
				CLANG_WARN_ENUM_CONVERSION = YES;
				CLANG_WARN_INFINITE_RECURSION = YES;
				CLANG_WARN_INT_CONVERSION = YES;
				CLANG_WARN_NON_LITERAL_NULL_CONVERSION = YES;
				CLANG_WARN_OBJC_IMPLICIT_RETAIN_SELF = YES;
				CLANG_WARN_OBJC_LITERAL_CONVERSION = YES;
				CLANG_WARN_OBJC_ROOT_CLASS = YES_ERROR;
				CLANG_WARN_QUOTED_INCLUDE_IN_FRAMEWORK_HEADER = YES;
				CLANG_WARN_RANGE_LOOP_ANALYSIS = YES;
				CLANG_WARN_STRICT_PROTOTYPES = YES;
				CLANG_WARN_SUSPICIOUS_MOVE = YES;
				CLANG_WARN_UNGUARDED_AVAILABILITY = YES_AGGRESSIVE;
				CLANG_WARN_UNREACHABLE_CODE = YES;
				CLANG_WARN__DUPLICATE_METHOD_MATCH = YES;
				COPY_PHASE_STRIP = NO;
				DEBUG_INFORMATION_FORMAT = dwarf;
				ENABLE_STRICT_OBJC_MSGSEND = YES;
				ENABLE_TESTABILITY = YES;
				ENABLE_USER_SCRIPT_SANDBOXING = YES;
				GCC_C_LANGUAGE_STANDARD = gnu17;
				GCC_DYNAMIC_NO_PIC = NO;
				GCC_NO_COMMON_BLOCKS = YES;
				GCC_OPTIMIZATION_LEVEL = 0;
				GCC_PREPROCESSOR_DEFINITIONS = (
					"DEBUG=1",
					"$(inherited)",
				);
				GCC_WARN_64_TO_32_BIT_CONVERSION = YES;
				GCC_WARN_ABOUT_RETURN_TYPE = YES_ERROR;
				GCC_WARN_UNDECLARED_SELECTOR = YES;
				GCC_WARN_UNINITIALIZED_AUTOS = YES_AGGRESSIVE;
				GCC_WARN_UNUSED_FUNCTION = YES;
				GCC_WARN_UNUSED_VARIABLE = YES;
				IPHONEOS_DEPLOYMENT_TARGET = 17.4;
				LOCALIZATION_PREFERS_STRING_CATALOGS = YES;
				MTL_ENABLE_DEBUG_INFO = INCLUDE_SOURCE;
				MTL_FAST_MATH = YES;
				ONLY_ACTIVE_ARCH = YES;
				SDKROOT = iphoneos;
				SWIFT_ACTIVE_COMPILATION_CONDITIONS = "DEBUG $(inherited)";
				SWIFT_OPTIMIZATION_LEVEL = "-Onone";
			};
			name = Debug;
		};
		94A1BD642BF4ACEE00C7528D /* Release */ = {
			isa = XCBuildConfiguration;
			buildSettings = {
				ALWAYS_SEARCH_USER_PATHS = NO;
				ASSETCATALOG_COMPILER_GENERATE_SWIFT_ASSET_SYMBOL_EXTENSIONS = YES;
				CLANG_ANALYZER_NONNULL = YES;
				CLANG_ANALYZER_NUMBER_OBJECT_CONVERSION = YES_AGGRESSIVE;
				CLANG_CXX_LANGUAGE_STANDARD = "gnu++20";
				CLANG_ENABLE_MODULES = YES;
				CLANG_ENABLE_OBJC_ARC = YES;
				CLANG_ENABLE_OBJC_WEAK = YES;
				CLANG_WARN_BLOCK_CAPTURE_AUTORELEASING = YES;
				CLANG_WARN_BOOL_CONVERSION = YES;
				CLANG_WARN_COMMA = YES;
				CLANG_WARN_CONSTANT_CONVERSION = YES;
				CLANG_WARN_DEPRECATED_OBJC_IMPLEMENTATIONS = YES;
				CLANG_WARN_DIRECT_OBJC_ISA_USAGE = YES_ERROR;
				CLANG_WARN_DOCUMENTATION_COMMENTS = YES;
				CLANG_WARN_EMPTY_BODY = YES;
				CLANG_WARN_ENUM_CONVERSION = YES;
				CLANG_WARN_INFINITE_RECURSION = YES;
				CLANG_WARN_INT_CONVERSION = YES;
				CLANG_WARN_NON_LITERAL_NULL_CONVERSION = YES;
				CLANG_WARN_OBJC_IMPLICIT_RETAIN_SELF = YES;
				CLANG_WARN_OBJC_LITERAL_CONVERSION = YES;
				CLANG_WARN_OBJC_ROOT_CLASS = YES_ERROR;
				CLANG_WARN_QUOTED_INCLUDE_IN_FRAMEWORK_HEADER = YES;
				CLANG_WARN_RANGE_LOOP_ANALYSIS = YES;
				CLANG_WARN_STRICT_PROTOTYPES = YES;
				CLANG_WARN_SUSPICIOUS_MOVE = YES;
				CLANG_WARN_UNGUARDED_AVAILABILITY = YES_AGGRESSIVE;
				CLANG_WARN_UNREACHABLE_CODE = YES;
				CLANG_WARN__DUPLICATE_METHOD_MATCH = YES;
				COPY_PHASE_STRIP = NO;
				DEBUG_INFORMATION_FORMAT = "dwarf-with-dsym";
				ENABLE_NS_ASSERTIONS = NO;
				ENABLE_STRICT_OBJC_MSGSEND = YES;
				ENABLE_USER_SCRIPT_SANDBOXING = YES;
				GCC_C_LANGUAGE_STANDARD = gnu17;
				GCC_NO_COMMON_BLOCKS = YES;
				GCC_WARN_64_TO_32_BIT_CONVERSION = YES;
				GCC_WARN_ABOUT_RETURN_TYPE = YES_ERROR;
				GCC_WARN_UNDECLARED_SELECTOR = YES;
				GCC_WARN_UNINITIALIZED_AUTOS = YES_AGGRESSIVE;
				GCC_WARN_UNUSED_FUNCTION = YES;
				GCC_WARN_UNUSED_VARIABLE = YES;
				IPHONEOS_DEPLOYMENT_TARGET = 17.4;
				LOCALIZATION_PREFERS_STRING_CATALOGS = YES;
				MTL_ENABLE_DEBUG_INFO = NO;
				MTL_FAST_MATH = YES;
				SDKROOT = iphoneos;
				SWIFT_COMPILATION_MODE = wholemodule;
				VALIDATE_PRODUCT = YES;
			};
			name = Release;
		};
		94A1BD662BF4ACEE00C7528D /* Debug */ = {
			isa = XCBuildConfiguration;
			buildSettings = {
				ALWAYS_EMBED_SWIFT_STANDARD_LIBRARIES = YES;
				ASSETCATALOG_COMPILER_APPICON_NAME = AppIcon;
				ASSETCATALOG_COMPILER_GLOBAL_ACCENT_COLOR_NAME = AccentColor;
				CODE_SIGN_ENTITLEMENTS = DayOfChoice/DayOfChoice.entitlements;
				CODE_SIGN_STYLE = Automatic;
				CURRENT_PROJECT_VERSION = 1;
				DEVELOPMENT_TEAM = 2KUQ5AS45S;
				GENERATE_INFOPLIST_FILE = YES;
				INFOPLIST_FILE = DayOfChoice/Info.plist;
				INFOPLIST_KEY_CFBundleDisplayName = "ニッタク";
				INFOPLIST_KEY_LSApplicationCategoryType = "public.app-category.entertainment";
				INFOPLIST_KEY_UIApplicationSupportsIndirectInputEvents = YES;
				INFOPLIST_KEY_UILaunchStoryboardName = LaunchScreen;
				INFOPLIST_KEY_UIMainStoryboardFile = Main;
				INFOPLIST_KEY_UIStatusBarStyle = "";
				INFOPLIST_KEY_UISupportedInterfaceOrientations = UIInterfaceOrientationPortrait;
				INFOPLIST_KEY_UISupportedInterfaceOrientations_iPad = "UIInterfaceOrientationLandscapeLeft UIInterfaceOrientationLandscapeRight UIInterfaceOrientationPortrait UIInterfaceOrientationPortraitUpsideDown";
				INFOPLIST_KEY_UIUserInterfaceStyle = Light;
				LD_RUNPATH_SEARCH_PATHS = (
					"$(inherited)",
					"@executable_path/Frameworks",
				);
				MARKETING_VERSION = 1.0;
				PRODUCT_BUNDLE_IDENTIFIER = com.ito.taiga.DayOfChoice;
				PRODUCT_NAME = "$(TARGET_NAME)";
				SWIFT_EMIT_LOC_STRINGS = YES;
				SWIFT_VERSION = 5.0;
				TARGETED_DEVICE_FAMILY = "1,2";
			};
			name = Debug;
		};
		94A1BD672BF4ACEE00C7528D /* Release */ = {
			isa = XCBuildConfiguration;
			buildSettings = {
				ALWAYS_EMBED_SWIFT_STANDARD_LIBRARIES = YES;
				ASSETCATALOG_COMPILER_APPICON_NAME = AppIcon;
				ASSETCATALOG_COMPILER_GLOBAL_ACCENT_COLOR_NAME = AccentColor;
				CODE_SIGN_ENTITLEMENTS = DayOfChoice/DayOfChoice.entitlements;
				CODE_SIGN_STYLE = Automatic;
				CURRENT_PROJECT_VERSION = 1;
				DEVELOPMENT_TEAM = 2KUQ5AS45S;
				GENERATE_INFOPLIST_FILE = YES;
				INFOPLIST_FILE = DayOfChoice/Info.plist;
				INFOPLIST_KEY_CFBundleDisplayName = "ニッタク";
				INFOPLIST_KEY_LSApplicationCategoryType = "public.app-category.entertainment";
				INFOPLIST_KEY_UIApplicationSupportsIndirectInputEvents = YES;
				INFOPLIST_KEY_UILaunchStoryboardName = LaunchScreen;
				INFOPLIST_KEY_UIMainStoryboardFile = Main;
				INFOPLIST_KEY_UIStatusBarStyle = "";
				INFOPLIST_KEY_UISupportedInterfaceOrientations = UIInterfaceOrientationPortrait;
				INFOPLIST_KEY_UISupportedInterfaceOrientations_iPad = "UIInterfaceOrientationLandscapeLeft UIInterfaceOrientationLandscapeRight UIInterfaceOrientationPortrait UIInterfaceOrientationPortraitUpsideDown";
				INFOPLIST_KEY_UIUserInterfaceStyle = Light;
				LD_RUNPATH_SEARCH_PATHS = (
					"$(inherited)",
					"@executable_path/Frameworks",
				);
				MARKETING_VERSION = 1.0;
				PRODUCT_BUNDLE_IDENTIFIER = com.ito.taiga.DayOfChoice;
				PRODUCT_NAME = "$(TARGET_NAME)";
				SWIFT_EMIT_LOC_STRINGS = YES;
				SWIFT_VERSION = 5.0;
				TARGETED_DEVICE_FAMILY = "1,2";
			};
			name = Release;
		};
/* End XCBuildConfiguration section */

/* Begin XCConfigurationList section */
		941EDD7F2C045EEF00CA3549 /* Build configuration list for PBXNativeTarget "DayOfChoiceWidgetExtension" */ = {
			isa = XCConfigurationList;
			buildConfigurations = (
				941EDD802C045EEF00CA3549 /* Debug */,
				941EDD812C045EEF00CA3549 /* Release */,
			);
			defaultConfigurationIsVisible = 0;
			defaultConfigurationName = Release;
		};
		94A1BD4C2BF4ACED00C7528D /* Build configuration list for PBXProject "DayOfChoice" */ = {
			isa = XCConfigurationList;
			buildConfigurations = (
				94A1BD632BF4ACEE00C7528D /* Debug */,
				94A1BD642BF4ACEE00C7528D /* Release */,
			);
			defaultConfigurationIsVisible = 0;
			defaultConfigurationName = Release;
		};
		94A1BD652BF4ACEE00C7528D /* Build configuration list for PBXNativeTarget "DayOfChoice" */ = {
			isa = XCConfigurationList;
			buildConfigurations = (
				94A1BD662BF4ACEE00C7528D /* Debug */,
				94A1BD672BF4ACEE00C7528D /* Release */,
			);
			defaultConfigurationIsVisible = 0;
			defaultConfigurationName = Release;
		};
/* End XCConfigurationList section */

/* Begin XCRemoteSwiftPackageReference section */
		941EDD2C2BFE17ED00CA3549 /* XCRemoteSwiftPackageReference "realm-swift" */ = {
			isa = XCRemoteSwiftPackageReference;
			repositoryURL = "https://github.com/realm/realm-swift";
			requirement = {
				branch = master;
				kind = branch;
			};
		};
		94A1BD6A2BF4AEC600C7528D /* XCRemoteSwiftPackageReference "firebase-ios-sdk" */ = {
			isa = XCRemoteSwiftPackageReference;
			repositoryURL = "https://github.com/firebase/firebase-ios-sdk";
			requirement = {
				kind = upToNextMajorVersion;
				minimumVersion = 10.26.0;
			};
		};
/* End XCRemoteSwiftPackageReference section */

/* Begin XCSwiftPackageProductDependency section */
		941EDD2D2BFE17ED00CA3549 /* RealmSwift */ = {
			isa = XCSwiftPackageProductDependency;
			package = 941EDD2C2BFE17ED00CA3549 /* XCRemoteSwiftPackageReference "realm-swift" */;
			productName = RealmSwift;
		};
		941EDD982C05BFCE00CA3549 /* FirebaseFirestore */ = {
			isa = XCSwiftPackageProductDependency;
			package = 94A1BD6A2BF4AEC600C7528D /* XCRemoteSwiftPackageReference "firebase-ios-sdk" */;
			productName = FirebaseFirestore;
		};
		941EDD9A2C05C02100CA3549 /* FirebaseAuth */ = {
			isa = XCSwiftPackageProductDependency;
			package = 94A1BD6A2BF4AEC600C7528D /* XCRemoteSwiftPackageReference "firebase-ios-sdk" */;
			productName = FirebaseAuth;
		};
		941EDD9C2C05C05100CA3549 /* RealmSwift */ = {
			isa = XCSwiftPackageProductDependency;
			package = 941EDD2C2BFE17ED00CA3549 /* XCRemoteSwiftPackageReference "realm-swift" */;
			productName = RealmSwift;
		};
		94A1BD6B2BF4AEC600C7528D /* FirebaseFirestore */ = {
			isa = XCSwiftPackageProductDependency;
			package = 94A1BD6A2BF4AEC600C7528D /* XCRemoteSwiftPackageReference "firebase-ios-sdk" */;
			productName = FirebaseFirestore;
		};
		94A1BD6D2BF4AEC600C7528D /* FirebaseFirestoreSwift */ = {
			isa = XCSwiftPackageProductDependency;
			package = 94A1BD6A2BF4AEC600C7528D /* XCRemoteSwiftPackageReference "firebase-ios-sdk" */;
			productName = FirebaseFirestoreSwift;
		};
		94A1BD7E2BF9A8E700C7528D /* FirebaseAuth */ = {
			isa = XCSwiftPackageProductDependency;
			package = 94A1BD6A2BF4AEC600C7528D /* XCRemoteSwiftPackageReference "firebase-ios-sdk" */;
			productName = FirebaseAuth;
		};
/* End XCSwiftPackageProductDependency section */
	};
	rootObject = 94A1BD492BF4ACED00C7528D /* Project object */;
}
